
Microsoft Visual Studio Solution File, Format Version 12.00
# Visual Studio Version 17
VisualStudioVersion = 17.4.33122.133
MinimumVisualStudioVersion = 10.0.40219.1
Project("{FAE04EC0-301F-11D3-BF4B-00C04F79EFBC}") = "Basic_Core_Programs", "Basic_Core_Programs\Basic_Core_Programs.csproj", "{FE73B4FA-41B9-4EE9-9D3F-EC9737B66DB1}"
EndProject
Global
	GlobalSection(SolutionConfigurationPlatforms) = preSolution
		Debug|Any CPU = Debug|Any CPU
		Release|Any CPU = Release|Any CPU
	EndGlobalSection
	GlobalSection(ProjectConfigurationPlatforms) = postSolution
		{FE73B4FA-41B9-4EE9-9D3F-EC9737B66DB1}.Debug|Any CPU.ActiveCfg = Debug|Any CPU
		{FE73B4FA-41B9-4EE9-9D3F-EC9737B66DB1}.Debug|Any CPU.Build.0 = Debug|Any CPU
		{FE73B4FA-41B9-4EE9-9D3F-EC9737B66DB1}.Release|Any CPU.ActiveCfg = Release|Any CPU
		{FE73B4FA-41B9-4EE9-9D3F-EC9737B66DB1}.Release|Any CPU.Build.0 = Release|Any CPU
	EndGlobalSection
	GlobalSection(SolutionProperties) = preSolution
		HideSolutionNode = FALSE
	EndGlobalSection
	GlobalSection(ExtensibilityGlobals) = postSolution
		SolutionGuid = {7C62560F-33C8-4D59-97C7-63913594A2AC}
	EndGlobalSection
EndGlobal
